
Microsoft Visual Studio Solution File, Format Version 12.00
# Visual Studio Version 17
VisualStudioVersion = 17.13.35818.85
MinimumVisualStudioVersion = 10.0.40219.1
Project("{FAE04EC0-301F-11D3-BF4B-00C04F79EFBC}") = "EvaluaciónGrupal6.Entidades", "EvaluaciónGrupalPOOTema 6\EvaluaciónGrupal6.Entidades.csproj", "{D86E03FE-7B81-4445-999F-D13D0808CBBF}"
EndProject
Project("{FAE04EC0-301F-11D3-BF4B-00C04F79EFBC}") = "EvaluacionGrupal6.Consola", "EvaluacionGrupal6.Consola\EvaluacionGrupal6.Consola.csproj", "{AC750E4C-590A-4E92-A30E-86271EDF8389}"
EndProject
Project("{FAE04EC0-301F-11D3-BF4B-00C04F79EFBC}") = "EvaluacionGrupal6.Datos", "EvaluacionGrupal6.Datos\EvaluacionGrupal6.Datos.csproj", "{03FF3582-CA40-47D9-906F-2099F8577CA0}"
EndProject
Project("{FAE04EC0-301F-11D3-BF4B-00C04F79EFBC}") = "EvaluacionGrupal6.Utilidades", "EvaluacionGrupal6.Utilidades\EvaluacionGrupal6.Utilidades.csproj", "{6AEC5E0C-2A2F-473B-B305-8D313D2EAD5D}"
EndProject
Project("{FAE04EC0-301F-11D3-BF4B-00C04F79EFBC}") = "EvaluacionGrupal6.Windows", "EvaluacionGrupal6.Windows\EvaluacionGrupal6.Windows.csproj", "{7FCAB488-9E6C-458F-9EFD-26ED913B05DF}"
EndProject
Global
	GlobalSection(SolutionConfigurationPlatforms) = preSolution
		Debug|Any CPU = Debug|Any CPU
		Release|Any CPU = Release|Any CPU
	EndGlobalSection
	GlobalSection(ProjectConfigurationPlatforms) = postSolution
		{D86E03FE-7B81-4445-999F-D13D0808CBBF}.Debug|Any CPU.ActiveCfg = Debug|Any CPU
		{D86E03FE-7B81-4445-999F-D13D0808CBBF}.Debug|Any CPU.Build.0 = Debug|Any CPU
		{D86E03FE-7B81-4445-999F-D13D0808CBBF}.Release|Any CPU.ActiveCfg = Release|Any CPU
		{D86E03FE-7B81-4445-999F-D13D0808CBBF}.Release|Any CPU.Build.0 = Release|Any CPU
		{AC750E4C-590A-4E92-A30E-86271EDF8389}.Debug|Any CPU.ActiveCfg = Debug|Any CPU
		{AC750E4C-590A-4E92-A30E-86271EDF8389}.Debug|Any CPU.Build.0 = Debug|Any CPU
		{AC750E4C-590A-4E92-A30E-86271EDF8389}.Release|Any CPU.ActiveCfg = Release|Any CPU
		{AC750E4C-590A-4E92-A30E-86271EDF8389}.Release|Any CPU.Build.0 = Release|Any CPU
		{03FF3582-CA40-47D9-906F-2099F8577CA0}.Debug|Any CPU.ActiveCfg = Debug|Any CPU
		{03FF3582-CA40-47D9-906F-2099F8577CA0}.Debug|Any CPU.Build.0 = Debug|Any CPU
		{03FF3582-CA40-47D9-906F-2099F8577CA0}.Release|Any CPU.ActiveCfg = Release|Any CPU
		{03FF3582-CA40-47D9-906F-2099F8577CA0}.Release|Any CPU.Build.0 = Release|Any CPU
		{6AEC5E0C-2A2F-473B-B305-8D313D2EAD5D}.Debug|Any CPU.ActiveCfg = Debug|Any CPU
		{6AEC5E0C-2A2F-473B-B305-8D313D2EAD5D}.Debug|Any CPU.Build.0 = Debug|Any CPU
		{6AEC5E0C-2A2F-473B-B305-8D313D2EAD5D}.Release|Any CPU.ActiveCfg = Release|Any CPU
		{6AEC5E0C-2A2F-473B-B305-8D313D2EAD5D}.Release|Any CPU.Build.0 = Release|Any CPU
		{7FCAB488-9E6C-458F-9EFD-26ED913B05DF}.Debug|Any CPU.ActiveCfg = Debug|Any CPU
		{7FCAB488-9E6C-458F-9EFD-26ED913B05DF}.Debug|Any CPU.Build.0 = Debug|Any CPU
		{7FCAB488-9E6C-458F-9EFD-26ED913B05DF}.Release|Any CPU.ActiveCfg = Release|Any CPU
		{7FCAB488-9E6C-458F-9EFD-26ED913B05DF}.Release|Any CPU.Build.0 = Release|Any CPU
	EndGlobalSection
	GlobalSection(SolutionProperties) = preSolution
		HideSolutionNode = FALSE
	EndGlobalSection
	GlobalSection(ExtensibilityGlobals) = postSolution
		SolutionGuid = {BCF90FA9-ED57-45B8-B277-0B4FCBF91355}
	EndGlobalSection
EndGlobal
